
Microsoft Visual Studio Solution File, Format Version 12.00
# Visual Studio Version 17
VisualStudioVersion = 17.0.31903.59
MinimumVisualStudioVersion = 10.0.40219.1
Project("{9A19103F-16F7-4668-BE54-9A1E7A4F7556}") = "TypeOCore", "TypeOCore\TypeOCore.csproj", "{A7C0C0F1-86CC-4C45-9AAC-18B0D0234345}"
EndProject
Project("{9A19103F-16F7-4668-BE54-9A1E7A4F7556}") = "TypeDCore", "TypeDCore\TypeDCore.csproj", "{0EBC16BD-6EAD-4710-A178-63262A984B8E}"
EndProject
Project("{9A19103F-16F7-4668-BE54-9A1E7A4F7556}") = "TypeOCoreTest", "TypeOCoreTest\TypeOCoreTest.csproj", "{CCC2C9C5-87A4-43F4-B82F-08C19412390A}"
EndProject
Project("{FAE04EC0-301F-11D3-BF4B-00C04F79EFBC}") = "TypeD", "..\typed\TypeD\TypeD.csproj", "{4C0A394D-51E5-48D0-972A-D4068371484B}"
EndProject
Global
	GlobalSection(SolutionConfigurationPlatforms) = preSolution
		Debug|Any CPU = Debug|Any CPU
		Release|Any CPU = Release|Any CPU
	EndGlobalSection
	GlobalSection(ProjectConfigurationPlatforms) = postSolution
		{A7C0C0F1-86CC-4C45-9AAC-18B0D0234345}.Debug|Any CPU.ActiveCfg = Debug|Any CPU
		{A7C0C0F1-86CC-4C45-9AAC-18B0D0234345}.Debug|Any CPU.Build.0 = Debug|Any CPU
		{A7C0C0F1-86CC-4C45-9AAC-18B0D0234345}.Release|Any CPU.ActiveCfg = Release|Any CPU
		{A7C0C0F1-86CC-4C45-9AAC-18B0D0234345}.Release|Any CPU.Build.0 = Release|Any CPU
		{0EBC16BD-6EAD-4710-A178-63262A984B8E}.Debug|Any CPU.ActiveCfg = Debug|Any CPU
		{0EBC16BD-6EAD-4710-A178-63262A984B8E}.Debug|Any CPU.Build.0 = Debug|Any CPU
		{0EBC16BD-6EAD-4710-A178-63262A984B8E}.Release|Any CPU.ActiveCfg = Release|Any CPU
		{0EBC16BD-6EAD-4710-A178-63262A984B8E}.Release|Any CPU.Build.0 = Release|Any CPU
		{CCC2C9C5-87A4-43F4-B82F-08C19412390A}.Debug|Any CPU.ActiveCfg = Debug|Any CPU
		{CCC2C9C5-87A4-43F4-B82F-08C19412390A}.Debug|Any CPU.Build.0 = Debug|Any CPU
		{CCC2C9C5-87A4-43F4-B82F-08C19412390A}.Release|Any CPU.ActiveCfg = Release|Any CPU
		{CCC2C9C5-87A4-43F4-B82F-08C19412390A}.Release|Any CPU.Build.0 = Release|Any CPU
		{A0FDADBA-A3BB-4600-BB27-294377872259}.Debug|Any CPU.ActiveCfg = Debug|Any CPU
		{A0FDADBA-A3BB-4600-BB27-294377872259}.Debug|Any CPU.Build.0 = Debug|Any CPU
		{A0FDADBA-A3BB-4600-BB27-294377872259}.Release|Any CPU.ActiveCfg = Release|Any CPU
		{A0FDADBA-A3BB-4600-BB27-294377872259}.Release|Any CPU.Build.0 = Release|Any CPU
		{4C0A394D-51E5-48D0-972A-D4068371484B}.Debug|Any CPU.ActiveCfg = Debug|Any CPU
		{4C0A394D-51E5-48D0-972A-D4068371484B}.Debug|Any CPU.Build.0 = Debug|Any CPU
		{4C0A394D-51E5-48D0-972A-D4068371484B}.Release|Any CPU.ActiveCfg = Release|Any CPU
		{4C0A394D-51E5-48D0-972A-D4068371484B}.Release|Any CPU.Build.0 = Release|Any CPU
	EndGlobalSection
	GlobalSection(SolutionProperties) = preSolution
		HideSolutionNode = FALSE
	EndGlobalSection
	GlobalSection(ExtensibilityGlobals) = postSolution
		SolutionGuid = {D2B693C4-7283-46F9-B043-D0092F82AF26}
	EndGlobalSection
	GlobalSection(NestedProjects) = preSolution
		{A0FDADBA-A3BB-4600-BB27-294377872259} = {6734431B-F666-4FBA-99B9-3EEDBD9A87DB}
		{B0B78019-73AA-4552-A06C-FB40D89A57F8} = {E6251C09-47E4-4B9F-8CB4-85F2C17577FF}
		{CE06C18D-A5CA-416F-A26A-FB9EE1D35248} = {B0B78019-73AA-4552-A06C-FB40D89A57F8}
		{86516CD9-4E01-45B5-9DEC-C9884A156F6F} = {CE06C18D-A5CA-416F-A26A-FB9EE1D35248}
		{C2E27D29-45FF-4074-AFD4-3FB2EA5A6977} = {86516CD9-4E01-45B5-9DEC-C9884A156F6F}
		{1FC07D5B-C4E5-4C8B-B32B-33801DA0C1BE} = {C2E27D29-45FF-4074-AFD4-3FB2EA5A6977}
		{9D1F96DD-B6CE-4F05-930F-77D0C3276B2F} = {1FC07D5B-C4E5-4C8B-B32B-33801DA0C1BE}
		{09170B1E-B9AD-4271-98B5-CE4F2E87E90E} = {9D1F96DD-B6CE-4F05-930F-77D0C3276B2F}
		{5CB0E83C-A615-4867-A7D0-8C990C24021D} = {09170B1E-B9AD-4271-98B5-CE4F2E87E90E}
	EndGlobalSection
EndGlobal
